
Microsoft Visual Studio Solution File, Format Version 12.00
# Visual Studio Version 16
VisualStudioVersion = 16.0.29306.81
MinimumVisualStudioVersion = 10.0.40219.1
Project("{FAE04EC0-301F-11D3-BF4B-00C04F79EFBC}") = "SQLite", "SQLite\SQLite.csproj", "{C4C02474-2E7C-49BA-BB2D-BC9CF39ED735}"
EndProject
Global
	GlobalSection(SolutionConfigurationPlatforms) = preSolution
		Debug|Any CPU = Debug|Any CPU
		Release|Any CPU = Release|Any CPU
	EndGlobalSection
	GlobalSection(ProjectConfigurationPlatforms) = postSolution
		{C4C02474-2E7C-49BA-BB2D-BC9CF39ED735}.Debug|Any CPU.ActiveCfg = Debug|Any CPU
		{C4C02474-2E7C-49BA-BB2D-BC9CF39ED735}.Debug|Any CPU.Build.0 = Debug|Any CPU
		{C4C02474-2E7C-49BA-BB2D-BC9CF39ED735}.Release|Any CPU.ActiveCfg = Release|Any CPU
		{C4C02474-2E7C-49BA-BB2D-BC9CF39ED735}.Release|Any CPU.Build.0 = Release|Any CPU
	EndGlobalSection
	GlobalSection(SolutionProperties) = preSolution
		HideSolutionNode = FALSE
	EndGlobalSection
	GlobalSection(ExtensibilityGlobals) = postSolution
		SolutionGuid = {61997CD6-F20C-4513-B82D-1FAD9E02FE18}
	EndGlobalSection
EndGlobal
